// !$*UTF8*$!
{
	archiveVersion = 1;
	classes = {
	};
	objectVersion = 46;
	objects = {

/* Begin PBXBuildFile section */
		A7C834E41DE54713006E9D9D /* main.m in Sources */ = {isa = PBXBuildFile; fileRef = A7C834E31DE54713006E9D9D /* main.m */; };
		A7C834E71DE54713006E9D9D /* AppDelegate.m in Sources */ = {isa = PBXBuildFile; fileRef = A7C834E61DE54713006E9D9D /* AppDelegate.m */; };
		A7C834EA1DE54713006E9D9D /* ViewController.m in Sources */ = {isa = PBXBuildFile; fileRef = A7C834E91DE54713006E9D9D /* ViewController.m */; };
		A7C834ED1DE54713006E9D9D /* Main.storyboard in Resources */ = {isa = PBXBuildFile; fileRef = A7C834EB1DE54713006E9D9D /* Main.storyboard */; };
		A7C834EF1DE54713006E9D9D /* Assets.xcassets in Resources */ = {isa = PBXBuildFile; fileRef = A7C834EE1DE54713006E9D9D /* Assets.xcassets */; };
		A7C834F21DE54713006E9D9D /* LaunchScreen.storyboard in Resources */ = {isa = PBXBuildFile; fileRef = A7C834F01DE54713006E9D9D /* LaunchScreen.storyboard */; };
		A7C835051DE56BB8006E9D9D /* HYFRootFiveViewController.m in Sources */ = {isa = PBXBuildFile; fileRef = A7C834FC1DE56BB8006E9D9D /* HYFRootFiveViewController.m */; };
		A7C835061DE56BB8006E9D9D /* HYFRootFourViewController.m in Sources */ = {isa = PBXBuildFile; fileRef = A7C834FE1DE56BB8006E9D9D /* HYFRootFourViewController.m */; };
		A7C835071DE56BB8006E9D9D /* HYFRootOneViewController.m in Sources */ = {isa = PBXBuildFile; fileRef = A7C835001DE56BB8006E9D9D /* HYFRootOneViewController.m */; };
		A7C835081DE56BB8006E9D9D /* HYFRootThreeViewController.m in Sources */ = {isa = PBXBuildFile; fileRef = A7C835021DE56BB8006E9D9D /* HYFRootThreeViewController.m */; };
		A7C835091DE56BB8006E9D9D /* HYFRootTwoViewController.m in Sources */ = {isa = PBXBuildFile; fileRef = A7C835041DE56BB8006E9D9D /* HYFRootTwoViewController.m */; };
		A7C8350E1DE56C98006E9D9D /* HYFTabbarViewController.m in Sources */ = {isa = PBXBuildFile; fileRef = A7C8350D1DE56C98006E9D9D /* HYFTabbarViewController.m */; };
		A7C835111DE56CBC006E9D9D /* HYFNavigationController.m in Sources */ = {isa = PBXBuildFile; fileRef = A7C835101DE56CBC006E9D9D /* HYFNavigationController.m */; };
		A7C835191DE57033006E9D9D /* UIImage+Image.m in Sources */ = {isa = PBXBuildFile; fileRef = A7C835141DE57033006E9D9D /* UIImage+Image.m */; };
		A7C8351A1DE57033006E9D9D /* UIView+Frame.m in Sources */ = {isa = PBXBuildFile; fileRef = A7C835161DE57033006E9D9D /* UIView+Frame.m */; };
		A7C8351B1DE57033006E9D9D /* UIBarButtonItem+Item.m in Sources */ = {isa = PBXBuildFile; fileRef = A7C835181DE57033006E9D9D /* UIBarButtonItem+Item.m */; };
/* End PBXBuildFile section */

/* Begin PBXFileReference section */
		A7C834DF1DE54713006E9D9D /* GFDouyu.app */ = {isa = PBXFileReference; explicitFileType = wrapper.application; includeInIndex = 0; path = GFDouyu.app; sourceTree = BUILT_PRODUCTS_DIR; };
		A7C834E31DE54713006E9D9D /* main.m */ = {isa = PBXFileReference; lastKnownFileType = sourcecode.c.objc; path = main.m; sourceTree = "<group>"; };
		A7C834E51DE54713006E9D9D /* AppDelegate.h */ = {isa = PBXFileReference; lastKnownFileType = sourcecode.c.h; path = AppDelegate.h; sourceTree = "<group>"; };
		A7C834E61DE54713006E9D9D /* AppDelegate.m */ = {isa = PBXFileReference; lastKnownFileType = sourcecode.c.objc; path = AppDelegate.m; sourceTree = "<group>"; };
		A7C834E81DE54713006E9D9D /* ViewController.h */ = {isa = PBXFileReference; lastKnownFileType = sourcecode.c.h; path = ViewController.h; sourceTree = "<group>"; };
		A7C834E91DE54713006E9D9D /* ViewController.m */ = {isa = PBXFileReference; lastKnownFileType = sourcecode.c.objc; path = ViewController.m; sourceTree = "<group>"; };
		A7C834EC1DE54713006E9D9D /* Base */ = {isa = PBXFileReference; lastKnownFileType = file.storyboard; name = Base; path = Base.lproj/Main.storyboard; sourceTree = "<group>"; };
		A7C834EE1DE54713006E9D9D /* Assets.xcassets */ = {isa = PBXFileReference; lastKnownFileType = folder.assetcatalog; path = Assets.xcassets; sourceTree = "<group>"; };
		A7C834F11DE54713006E9D9D /* Base */ = {isa = PBXFileReference; lastKnownFileType = file.storyboard; name = Base; path = Base.lproj/LaunchScreen.storyboard; sourceTree = "<group>"; };
		A7C834F31DE54713006E9D9D /* Info.plist */ = {isa = PBXFileReference; lastKnownFileType = text.plist.xml; path = Info.plist; sourceTree = "<group>"; };
		A7C834FB1DE56BB8006E9D9D /* HYFRootFiveViewController.h */ = {isa = PBXFileReference; fileEncoding = 4; lastKnownFileType = sourcecode.c.h; name = HYFRootFiveViewController.h; path = "../../../../个人封装类库/纯代码非主流框架/纯代码非主流框架/HYFRootFiveViewController.h"; sourceTree = "<group>"; };
		A7C834FC1DE56BB8006E9D9D /* HYFRootFiveViewController.m */ = {isa = PBXFileReference; fileEncoding = 4; lastKnownFileType = sourcecode.c.objc; name = HYFRootFiveViewController.m; path = "../../../../个人封装类库/纯代码非主流框架/纯代码非主流框架/HYFRootFiveViewController.m"; sourceTree = "<group>"; };
		A7C834FD1DE56BB8006E9D9D /* HYFRootFourViewController.h */ = {isa = PBXFileReference; fileEncoding = 4; lastKnownFileType = sourcecode.c.h; name = HYFRootFourViewController.h; path = "../../../../个人封装类库/纯代码非主流框架/纯代码非主流框架/HYFRootFourViewController.h"; sourceTree = "<group>"; };
		A7C834FE1DE56BB8006E9D9D /* HYFRootFourViewController.m */ = {isa = PBXFileReference; fileEncoding = 4; lastKnownFileType = sourcecode.c.objc; name = HYFRootFourViewController.m; path = "../../../../个人封装类库/纯代码非主流框架/纯代码非主流框架/HYFRootFourViewController.m"; sourceTree = "<group>"; };
		A7C834FF1DE56BB8006E9D9D /* HYFRootOneViewController.h */ = {isa = PBXFileReference; fileEncoding = 4; lastKnownFileType = sourcecode.c.h; name = HYFRootOneViewController.h; path = "../../../../个人封装类库/纯代码非主流框架/纯代码非主流框架/HYFRootOneViewController.h"; sourceTree = "<group>"; };
		A7C835001DE56BB8006E9D9D /* HYFRootOneViewController.m */ = {isa = PBXFileReference; fileEncoding = 4; lastKnownFileType = sourcecode.c.objc; name = HYFRootOneViewController.m; path = "../../../../个人封装类库/纯代码非主流框架/纯代码非主流框架/HYFRootOneViewController.m"; sourceTree = "<group>"; };
		A7C835011DE56BB8006E9D9D /* HYFRootThreeViewController.h */ = {isa = PBXFileReference; fileEncoding = 4; lastKnownFileType = sourcecode.c.h; name = HYFRootThreeViewController.h; path = "../../../../个人封装类库/纯代码非主流框架/纯代码非主流框架/HYFRootThreeViewController.h"; sourceTree = "<group>"; };
		A7C835021DE56BB8006E9D9D /* HYFRootThreeViewController.m */ = {isa = PBXFileReference; fileEncoding = 4; lastKnownFileType = sourcecode.c.objc; name = HYFRootThreeViewController.m; path = "../../../../个人封装类库/纯代码非主流框架/纯代码非主流框架/HYFRootThreeViewController.m"; sourceTree = "<group>"; };
		A7C835031DE56BB8006E9D9D /* HYFRootTwoViewController.h */ = {isa = PBXFileReference; fileEncoding = 4; lastKnownFileType = sourcecode.c.h; name = HYFRootTwoViewController.h; path = "../../../../个人封装类库/纯代码非主流框架/纯代码非主流框架/HYFRootTwoViewController.h"; sourceTree = "<group>"; };
		A7C835041DE56BB8006E9D9D /* HYFRootTwoViewController.m */ = {isa = PBXFileReference; fileEncoding = 4; lastKnownFileType = sourcecode.c.objc; name = HYFRootTwoViewController.m; path = "../../../../个人封装类库/纯代码非主流框架/纯代码非主流框架/HYFRootTwoViewController.m"; sourceTree = "<group>"; };
		A7C8350C1DE56C98006E9D9D /* HYFTabbarViewController.h */ = {isa = PBXFileReference; fileEncoding = 4; lastKnownFileType = sourcecode.c.h; path = HYFTabbarViewController.h; sourceTree = "<group>"; };
		A7C8350D1DE56C98006E9D9D /* HYFTabbarViewController.m */ = {isa = PBXFileReference; fileEncoding = 4; lastKnownFileType = sourcecode.c.objc; path = HYFTabbarViewController.m; sourceTree = "<group>"; };
		A7C8350F1DE56CBC006E9D9D /* HYFNavigationController.h */ = {isa = PBXFileReference; fileEncoding = 4; lastKnownFileType = sourcecode.c.h; path = HYFNavigationController.h; sourceTree = "<group>"; };
		A7C835101DE56CBC006E9D9D /* HYFNavigationController.m */ = {isa = PBXFileReference; fileEncoding = 4; lastKnownFileType = sourcecode.c.objc; path = HYFNavigationController.m; sourceTree = "<group>"; };
		A7C835121DE56CD4006E9D9D /* GFDouyu.pch */ = {isa = PBXFileReference; lastKnownFileType = sourcecode.c.h; path = GFDouyu.pch; sourceTree = "<group>"; };
		A7C835131DE57033006E9D9D /* UIImage+Image.h */ = {isa = PBXFileReference; fileEncoding = 4; lastKnownFileType = sourcecode.c.h; name = "UIImage+Image.h"; path = "../../../../08-BuDeJie(请求指示器)/BuDeJie15/BuDeJie15/Classes/Other/Category/UIImage+Image.h"; sourceTree = "<group>"; };
		A7C835141DE57033006E9D9D /* UIImage+Image.m */ = {isa = PBXFileReference; fileEncoding = 4; lastKnownFileType = sourcecode.c.objc; name = "UIImage+Image.m"; path = "../../../../08-BuDeJie(请求指示器)/BuDeJie15/BuDeJie15/Classes/Other/Category/UIImage+Image.m"; sourceTree = "<group>"; };
		A7C835151DE57033006E9D9D /* UIView+Frame.h */ = {isa = PBXFileReference; fileEncoding = 4; lastKnownFileType = sourcecode.c.h; name = "UIView+Frame.h"; path = "../../../../08-BuDeJie(请求指示器)/BuDeJie15/BuDeJie15/Classes/Other/Category/UIView+Frame.h"; sourceTree = "<group>"; };
		A7C835161DE57033006E9D9D /* UIView+Frame.m */ = {isa = PBXFileReference; fileEncoding = 4; lastKnownFileType = sourcecode.c.objc; name = "UIView+Frame.m"; path = "../../../../08-BuDeJie(请求指示器)/BuDeJie15/BuDeJie15/Classes/Other/Category/UIView+Frame.m"; sourceTree = "<group>"; };
		A7C835171DE57033006E9D9D /* UIBarButtonItem+Item.h */ = {isa = PBXFileReference; fileEncoding = 4; lastKnownFileType = sourcecode.c.h; name = "UIBarButtonItem+Item.h"; path = "../../../../08-BuDeJie(请求指示器)/BuDeJie15/BuDeJie15/Classes/Other/Category/UIBarButtonItem+Item.h"; sourceTree = "<group>"; };
		A7C835181DE57033006E9D9D /* UIBarButtonItem+Item.m */ = {isa = PBXFileReference; fileEncoding = 4; lastKnownFileType = sourcecode.c.objc; name = "UIBarButtonItem+Item.m"; path = "../../../../08-BuDeJie(请求指示器)/BuDeJie15/BuDeJie15/Classes/Other/Category/UIBarButtonItem+Item.m"; sourceTree = "<group>"; };
/* End PBXFileReference section */

/* Begin PBXFrameworksBuildPhase section */
		A7C834DC1DE54712006E9D9D /* Frameworks */ = {
			isa = PBXFrameworksBuildPhase;
			buildActionMask = 2147483647;
			files = (
			);
			runOnlyForDeploymentPostprocessing = 0;
		};
/* End PBXFrameworksBuildPhase section */

/* Begin PBXGroup section */
		A7C834D61DE54712006E9D9D = {
			isa = PBXGroup;
			children = (
				A7C834E11DE54713006E9D9D /* GFDouyu */,
				A7C834E01DE54713006E9D9D /* Products */,
			);
			sourceTree = "<group>";
		};
		A7C834E01DE54713006E9D9D /* Products */ = {
			isa = PBXGroup;
			children = (
				A7C834DF1DE54713006E9D9D /* GFDouyu.app */,
			);
			name = Products;
			sourceTree = "<group>";
		};
		A7C834E11DE54713006E9D9D /* GFDouyu */ = {
			isa = PBXGroup;
			children = (
				A7C8350B1DE56C5B006E9D9D /* Other */,
				A7C8350A1DE56BCE006E9D9D /* Category */,
				A7C834FA1DE56B8D006E9D9D /* RootViewController */,
				A7C834F91DE56B72006E9D9D /* Main */,
				A7C834E81DE54713006E9D9D /* ViewController.h */,
				A7C834E91DE54713006E9D9D /* ViewController.m */,
				A7C834EB1DE54713006E9D9D /* Main.storyboard */,
				A7C834EE1DE54713006E9D9D /* Assets.xcassets */,
				A7C834F01DE54713006E9D9D /* LaunchScreen.storyboard */,
				A7C834F31DE54713006E9D9D /* Info.plist */,
				A7C834E21DE54713006E9D9D /* Supporting Files */,
			);
			path = GFDouyu;
			sourceTree = "<group>";
		};
		A7C834E21DE54713006E9D9D /* Supporting Files */ = {
			isa = PBXGroup;
			children = (
				A7C834E31DE54713006E9D9D /* main.m */,
			);
			name = "Supporting Files";
			sourceTree = "<group>";
		};
		A7C834F91DE56B72006E9D9D /* Main */ = {
			isa = PBXGroup;
			children = (
				A7C8350C1DE56C98006E9D9D /* HYFTabbarViewController.h */,
				A7C8350D1DE56C98006E9D9D /* HYFTabbarViewController.m */,
				A7C8350F1DE56CBC006E9D9D /* HYFNavigationController.h */,
				A7C835101DE56CBC006E9D9D /* HYFNavigationController.m */,
			);
			name = Main;
			sourceTree = "<group>";
		};
		A7C834FA1DE56B8D006E9D9D /* RootViewController */ = {
			isa = PBXGroup;
			children = (
				A7C834FB1DE56BB8006E9D9D /* HYFRootFiveViewController.h */,
				A7C834FC1DE56BB8006E9D9D /* HYFRootFiveViewController.m */,
				A7C834FD1DE56BB8006E9D9D /* HYFRootFourViewController.h */,
				A7C834FE1DE56BB8006E9D9D /* HYFRootFourViewController.m */,
				A7C834FF1DE56BB8006E9D9D /* HYFRootOneViewController.h */,
				A7C835001DE56BB8006E9D9D /* HYFRootOneViewController.m */,
				A7C835011DE56BB8006E9D9D /* HYFRootThreeViewController.h */,
				A7C835021DE56BB8006E9D9D /* HYFRootThreeViewController.m */,
				A7C835031DE56BB8006E9D9D /* HYFRootTwoViewController.h */,
				A7C835041DE56BB8006E9D9D /* HYFRootTwoViewController.m */,
			);
			name = RootViewController;
			sourceTree = "<group>";
		};
		A7C8350A1DE56BCE006E9D9D /* Category */ = {
			isa = PBXGroup;
			children = (
				A7C835131DE57033006E9D9D /* UIImage+Image.h */,
				A7C835141DE57033006E9D9D /* UIImage+Image.m */,
				A7C835151DE57033006E9D9D /* UIView+Frame.h */,
				A7C835161DE57033006E9D9D /* UIView+Frame.m */,
				A7C835171DE57033006E9D9D /* UIBarButtonItem+Item.h */,
				A7C835181DE57033006E9D9D /* UIBarButtonItem+Item.m */,
			);
			name = Category;
			sourceTree = "<group>";
		};
		A7C8350B1DE56C5B006E9D9D /* Other */ = {
			isa = PBXGroup;
			children = (
				A7C834E51DE54713006E9D9D /* AppDelegate.h */,
				A7C834E61DE54713006E9D9D /* AppDelegate.m */,
				A7C835121DE56CD4006E9D9D /* GFDouyu.pch */,
			);
			name = Other;
			sourceTree = "<group>";
		};
/* End PBXGroup section */

/* Begin PBXNativeTarget section */
		A7C834DE1DE54712006E9D9D /* GFDouyu */ = {
			isa = PBXNativeTarget;
			buildConfigurationList = A7C834F61DE54713006E9D9D /* Build configuration list for PBXNativeTarget "GFDouyu" */;
			buildPhases = (
				A7C834DB1DE54712006E9D9D /* Sources */,
				A7C834DC1DE54712006E9D9D /* Frameworks */,
				A7C834DD1DE54712006E9D9D /* Resources */,
			);
			buildRules = (
			);
			dependencies = (
			);
			name = GFDouyu;
			productName = GFDouyu;
			productReference = A7C834DF1DE54713006E9D9D /* GFDouyu.app */;
			productType = "com.apple.product-type.application";
		};
/* End PBXNativeTarget section */

/* Begin PBXProject section */
		A7C834D71DE54712006E9D9D /* Project object */ = {
			isa = PBXProject;
			attributes = {
				LastUpgradeCheck = 0810;
				ORGANIZATIONNAME = gzshanliang;
				TargetAttributes = {
					A7C834DE1DE54712006E9D9D = {
						CreatedOnToolsVersion = 8.1;
						ProvisioningStyle = Automatic;
					};
				};
			};
			buildConfigurationList = A7C834DA1DE54712006E9D9D /* Build configuration list for PBXProject "GFDouyu" */;
			compatibilityVersion = "Xcode 3.2";
			developmentRegion = English;
			hasScannedForEncodings = 0;
			knownRegions = (
				en,
				Base,
			);
			mainGroup = A7C834D61DE54712006E9D9D;
			productRefGroup = A7C834E01DE54713006E9D9D /* Products */;
			projectDirPath = "";
			projectRoot = "";
			targets = (
				A7C834DE1DE54712006E9D9D /* GFDouyu */,
			);
		};
/* End PBXProject section */

/* Begin PBXResourcesBuildPhase section */
		A7C834DD1DE54712006E9D9D /* Resources */ = {
			isa = PBXResourcesBuildPhase;
			buildActionMask = 2147483647;
			files = (
				A7C834F21DE54713006E9D9D /* LaunchScreen.storyboard in Resources */,
				A7C834EF1DE54713006E9D9D /* Assets.xcassets in Resources */,
				A7C834ED1DE54713006E9D9D /* Main.storyboard in Resources */,
			);
			runOnlyForDeploymentPostprocessing = 0;
		};
/* End PBXResourcesBuildPhase section */

/* Begin PBXSourcesBuildPhase section */
		A7C834DB1DE54712006E9D9D /* Sources */ = {
			isa = PBXSourcesBuildPhase;
			buildActionMask = 2147483647;
			files = (
				A7C8351A1DE57033006E9D9D /* UIView+Frame.m in Sources */,
				A7C834EA1DE54713006E9D9D /* ViewController.m in Sources */,
				A7C835091DE56BB8006E9D9D /* HYFRootTwoViewController.m in Sources */,
				A7C835081DE56BB8006E9D9D /* HYFRootThreeViewController.m in Sources */,
				A7C835061DE56BB8006E9D9D /* HYFRootFourViewController.m in Sources */,
				A7C835191DE57033006E9D9D /* UIImage+Image.m in Sources */,
				A7C8350E1DE56C98006E9D9D /* HYFTabbarViewController.m in Sources */,
				A7C8351B1DE57033006E9D9D /* UIBarButtonItem+Item.m in Sources */,
				A7C834E71DE54713006E9D9D /* AppDelegate.m in Sources */,
				A7C835071DE56BB8006E9D9D /* HYFRootOneViewController.m in Sources */,
				A7C835051DE56BB8006E9D9D /* HYFRootFiveViewController.m in Sources */,
				A7C834E41DE54713006E9D9D /* main.m in Sources */,
				A7C835111DE56CBC006E9D9D /* HYFNavigationController.m in Sources */,
			);
			runOnlyForDeploymentPostprocessing = 0;
		};
/* End PBXSourcesBuildPhase section */

/* Begin PBXVariantGroup section */
		A7C834EB1DE54713006E9D9D /* Main.storyboard */ = {
			isa = PBXVariantGroup;
			children = (
				A7C834EC1DE54713006E9D9D /* Base */,
			);
			name = Main.storyboard;
			sourceTree = "<group>";
		};
		A7C834F01DE54713006E9D9D /* LaunchScreen.storyboard */ = {
			isa = PBXVariantGroup;
			children = (
				A7C834F11DE54713006E9D9D /* Base */,
			);
			name = LaunchScreen.storyboard;
			sourceTree = "<group>";
		};
/* End PBXVariantGroup section */

/* Begin XCBuildConfiguration section */
		A7C834F41DE54713006E9D9D /* Debug */ = {
			isa = XCBuildConfiguration;
			buildSettings = {
				ALWAYS_SEARCH_USER_PATHS = NO;
				CLANG_ANALYZER_NONNULL = YES;
				CLANG_CXX_LANGUAGE_STANDARD = "gnu++0x";
				CLANG_CXX_LIBRARY = "libc++";
				CLANG_ENABLE_MODULES = YES;
				CLANG_ENABLE_OBJC_ARC = YES;
				CLANG_WARN_BOOL_CONVERSION = YES;
				CLANG_WARN_CONSTANT_CONVERSION = YES;
				CLANG_WARN_DIRECT_OBJC_ISA_USAGE = YES_ERROR;
				CLANG_WARN_DOCUMENTATION_COMMENTS = YES;
				CLANG_WARN_EMPTY_BODY = YES;
				CLANG_WARN_ENUM_CONVERSION = YES;
				CLANG_WARN_INFINITE_RECURSION = YES;
				CLANG_WARN_INT_CONVERSION = YES;
				CLANG_WARN_OBJC_ROOT_CLASS = YES_ERROR;
				CLANG_WARN_SUSPICIOUS_MOVES = YES;
				CLANG_WARN_UNREACHABLE_CODE = YES;
				CLANG_WARN__DUPLICATE_METHOD_MATCH = YES;
				"CODE_SIGN_IDENTITY[sdk=iphoneos*]" = "iPhone Developer";
				COPY_PHASE_STRIP = NO;
				DEBUG_INFORMATION_FORMAT = dwarf;
				ENABLE_STRICT_OBJC_MSGSEND = YES;
				ENABLE_TESTABILITY = YES;
				GCC_C_LANGUAGE_STANDARD = gnu99;
				GCC_DYNAMIC_NO_PIC = NO;
				GCC_NO_COMMON_BLOCKS = YES;
				GCC_OPTIMIZATION_LEVEL = 0;
				GCC_PREPROCESSOR_DEFINITIONS = (
					"DEBUG=1",
					"$(inherited)",
				);
				GCC_WARN_64_TO_32_BIT_CONVERSION = YES;
				GCC_WARN_ABOUT_RETURN_TYPE = YES_ERROR;
				GCC_WARN_UNDECLARED_SELECTOR = YES;
				GCC_WARN_UNINITIALIZED_AUTOS = YES_AGGRESSIVE;
				GCC_WARN_UNUSED_FUNCTION = YES;
				GCC_WARN_UNUSED_VARIABLE = YES;
				IPHONEOS_DEPLOYMENT_TARGET = 10.1;
				MTL_ENABLE_DEBUG_INFO = YES;
				ONLY_ACTIVE_ARCH = YES;
				SDKROOT = iphoneos;
			};
			name = Debug;
		};
		A7C834F51DE54713006E9D9D /* Release */ = {
			isa = XCBuildConfiguration;
			buildSettings = {
				ALWAYS_SEARCH_USER_PATHS = NO;
				CLANG_ANALYZER_NONNULL = YES;
				CLANG_CXX_LANGUAGE_STANDARD = "gnu++0x";
				CLANG_CXX_LIBRARY = "libc++";
				CLANG_ENABLE_MODULES = YES;
				CLANG_ENABLE_OBJC_ARC = YES;
				CLANG_WARN_BOOL_CONVERSION = YES;
				CLANG_WARN_CONSTANT_CONVERSION = YES;
				CLANG_WARN_DIRECT_OBJC_ISA_USAGE = YES_ERROR;
				CLANG_WARN_DOCUMENTATION_COMMENTS = YES;
				CLANG_WARN_EMPTY_BODY = YES;
				CLANG_WARN_ENUM_CONVERSION = YES;
				CLANG_WARN_INFINITE_RECURSION = YES;
				CLANG_WARN_INT_CONVERSION = YES;
				CLANG_WARN_OBJC_ROOT_CLASS = YES_ERROR;
				CLANG_WARN_SUSPICIOUS_MOVES = YES;
				CLANG_WARN_UNREACHABLE_CODE = YES;
				CLANG_WARN__DUPLICATE_METHOD_MATCH = YES;
				"CODE_SIGN_IDENTITY[sdk=iphoneos*]" = "iPhone Developer";
				COPY_PHASE_STRIP = NO;
				DEBUG_INFORMATION_FORMAT = "dwarf-with-dsym";
				ENABLE_NS_ASSERTIONS = NO;
				ENABLE_STRICT_OBJC_MSGSEND = YES;
				GCC_C_LANGUAGE_STANDARD = gnu99;
				GCC_NO_COMMON_BLOCKS = YES;
				GCC_WARN_64_TO_32_BIT_CONVERSION = YES;
				GCC_WARN_ABOUT_RETURN_TYPE = YES_ERROR;
				GCC_WARN_UNDECLARED_SELECTOR = YES;
				GCC_WARN_UNINITIALIZED_AUTOS = YES_AGGRESSIVE;
				GCC_WARN_UNUSED_FUNCTION = YES;
				GCC_WARN_UNUSED_VARIABLE = YES;
				IPHONEOS_DEPLOYMENT_TARGET = 10.1;
				MTL_ENABLE_DEBUG_INFO = NO;
				SDKROOT = iphoneos;
				VALIDATE_PRODUCT = YES;
			};
			name = Release;
		};
		A7C834F71DE54713006E9D9D /* Debug */ = {
			isa = XCBuildConfiguration;
			buildSettings = {
				ASSETCATALOG_COMPILER_APPICON_NAME = AppIcon;
				GCC_PREFIX_HEADER = GFDouyu/GFDouyu.pch;
				INFOPLIST_FILE = GFDouyu/Info.plist;
				LD_RUNPATH_SEARCH_PATHS = "$(inherited) @executable_path/Frameworks";
				PRODUCT_BUNDLE_IDENTIFIER = com.gzshanliang.GFDouyu;
				PRODUCT_NAME = "$(TARGET_NAME)";
			};
			name = Debug;
		};
		A7C834F81DE54713006E9D9D /* Release */ = {
			isa = XCBuildConfiguration;
			buildSettings = {
				ASSETCATALOG_COMPILER_APPICON_NAME = AppIcon;
				GCC_PREFIX_HEADER = GFDouyu/GFDouyu.pch;
				INFOPLIST_FILE = GFDouyu/Info.plist;
				LD_RUNPATH_SEARCH_PATHS = "$(inherited) @executable_path/Frameworks";
				PRODUCT_BUNDLE_IDENTIFIER = com.gzshanliang.GFDouyu;
				PRODUCT_NAME = "$(TARGET_NAME)";
			};
			name = Release;
		};
/* End XCBuildConfiguration section */

/* Begin XCConfigurationList section */
		A7C834DA1DE54712006E9D9D /* Build configuration list for PBXProject "GFDouyu" */ = {
			isa = XCConfigurationList;
			buildConfigurations = (
				A7C834F41DE54713006E9D9D /* Debug */,
				A7C834F51DE54713006E9D9D /* Release */,
			);
			defaultConfigurationIsVisible = 0;
			defaultConfigurationName = Release;
		};
		A7C834F61DE54713006E9D9D /* Build configuration list for PBXNativeTarget "GFDouyu" */ = {
			isa = XCConfigurationList;
			buildConfigurations = (
				A7C834F71DE54713006E9D9D /* Debug */,
				A7C834F81DE54713006E9D9D /* Release */,
			);
			defaultConfigurationIsVisible = 0;
		};
/* End XCConfigurationList section */
	};
	rootObject = A7C834D71DE54712006E9D9D /* Project object */;
}
